// !$*UTF8*$!
{
	archiveVersion = 1;
	classes = {
	};
	objectVersion = 50;
	objects = {

/* Begin PBXBuildFile section */
		2441A158E922C46A674C914E /* Pods_demoAppUITests.framework in Frameworks */ = {isa = PBXBuildFile; fileRef = 271FA7AC1F49B006ABA79C64 /* Pods_demoAppUITests.framework */; };
		4844E1FB35CAC4B02E1C26DE /* Pods_demoAppTests.framework in Frameworks */ = {isa = PBXBuildFile; fileRef = CF887F06CD01EC8628FE1FE7 /* Pods_demoAppTests.framework */; };
		D28077E732B41C2E915816DB /* Pods_demoApp.framework in Frameworks */ = {isa = PBXBuildFile; fileRef = 1D91058B27A82F1A271F862B /* Pods_demoApp.framework */; };
		F803206021C536020055A975 /* AppDelegate.swift in Sources */ = {isa = PBXBuildFile; fileRef = F803205F21C536020055A975 /* AppDelegate.swift */; };
		F803206221C536020055A975 /* ViewController.swift in Sources */ = {isa = PBXBuildFile; fileRef = F803206121C536020055A975 /* ViewController.swift */; };
		F803206521C536020055A975 /* Main.storyboard in Resources */ = {isa = PBXBuildFile; fileRef = F803206321C536020055A975 /* Main.storyboard */; };
		F803206721C536040055A975 /* Assets.xcassets in Resources */ = {isa = PBXBuildFile; fileRef = F803206621C536040055A975 /* Assets.xcassets */; };
		F803206A21C536040055A975 /* LaunchScreen.storyboard in Resources */ = {isa = PBXBuildFile; fileRef = F803206821C536040055A975 /* LaunchScreen.storyboard */; };
		F803207521C536040055A975 /* demoAppTests.swift in Sources */ = {isa = PBXBuildFile; fileRef = F803207421C536040055A975 /* demoAppTests.swift */; };
		F803208021C536040055A975 /* demoAppUITests.swift in Sources */ = {isa = PBXBuildFile; fileRef = F803207F21C536040055A975 /* demoAppUITests.swift */; };
		F803209421C6739C0055A975 /* Service.swift in Sources */ = {isa = PBXBuildFile; fileRef = F803209321C6739C0055A975 /* Service.swift */; };
		F803209621C674700055A975 /* Post.swift in Sources */ = {isa = PBXBuildFile; fileRef = F803209521C674700055A975 /* Post.swift */; };
		F803209C21C6753F0055A975 /* UserPostViewController.swift in Sources */ = {isa = PBXBuildFile; fileRef = F803209B21C6753F0055A975 /* UserPostViewController.swift */; };
		F80320A121C6795A0055A975 /* UserCell.swift in Sources */ = {isa = PBXBuildFile; fileRef = F803209F21C6795A0055A975 /* UserCell.swift */; };
		F80320A221C6795A0055A975 /* UserCell.xib in Resources */ = {isa = PBXBuildFile; fileRef = F80320A021C6795A0055A975 /* UserCell.xib */; };
		F80320A421C67DA20055A975 /* UserDetailViewController.swift in Sources */ = {isa = PBXBuildFile; fileRef = F80320A321C67DA20055A975 /* UserDetailViewController.swift */; };
		F80320A721C67E920055A975 /* UserDetailCell.swift in Sources */ = {isa = PBXBuildFile; fileRef = F80320A521C67E920055A975 /* UserDetailCell.swift */; };
		F80320A821C67E920055A975 /* UserDetailCell.xib in Resources */ = {isa = PBXBuildFile; fileRef = F80320A621C67E920055A975 /* UserDetailCell.xib */; };
		F80320AB21C681500055A975 /* FlickerCollectionViewController.swift in Sources */ = {isa = PBXBuildFile; fileRef = F80320A921C681500055A975 /* FlickerCollectionViewController.swift */; };
		F80320AF21C683FA0055A975 /* FlickrCollectionViewCell.swift in Sources */ = {isa = PBXBuildFile; fileRef = F80320AD21C683FA0055A975 /* FlickrCollectionViewCell.swift */; };
		F80320B021C683FA0055A975 /* FlickrCollectionViewCell.xib in Resources */ = {isa = PBXBuildFile; fileRef = F80320AE21C683FA0055A975 /* FlickrCollectionViewCell.xib */; };
		F80320B321C685E40055A975 /* FlickerDetailViewController.swift in Sources */ = {isa = PBXBuildFile; fileRef = F80320B121C685E40055A975 /* FlickerDetailViewController.swift */; };
		F80320B621C687A20055A975 /* TechnologiesUsedViewController.swift in Sources */ = {isa = PBXBuildFile; fileRef = F80320B521C687A20055A975 /* TechnologiesUsedViewController.swift */; };
		F80320B921C6880C0055A975 /* TechCellTableViewCell.swift in Sources */ = {isa = PBXBuildFile; fileRef = F80320B721C6880C0055A975 /* TechCellTableViewCell.swift */; };
		F80320BA21C6880C0055A975 /* TechCellTableViewCell.xib in Resources */ = {isa = PBXBuildFile; fileRef = F80320B821C6880C0055A975 /* TechCellTableViewCell.xib */; };
		F80320BC21C6EC660055A975 /* User.swift in Sources */ = {isa = PBXBuildFile; fileRef = F80320BB21C6EC660055A975 /* User.swift */; };
		F80320BE21C6F36A0055A975 /* FlickrPhoto.swift in Sources */ = {isa = PBXBuildFile; fileRef = F80320BD21C6F36A0055A975 /* FlickrPhoto.swift */; };
		F80320C021C7BBA20055A975 /* PostsViewModel.swift in Sources */ = {isa = PBXBuildFile; fileRef = F80320BF21C7BBA20055A975 /* PostsViewModel.swift */; };
		F80320C221C7CC9D0055A975 /* FlickrPhotoViewModel.swift in Sources */ = {isa = PBXBuildFile; fileRef = F80320C121C7CC9D0055A975 /* FlickrPhotoViewModel.swift */; };
/* End PBXBuildFile section */

/* Begin PBXContainerItemProxy section */
		F803207121C536040055A975 /* PBXContainerItemProxy */ = {
			isa = PBXContainerItemProxy;
			containerPortal = F803205421C536020055A975 /* Project object */;
			proxyType = 1;
			remoteGlobalIDString = F803205B21C536020055A975;
			remoteInfo = demoApp;
		};
		F803207C21C536040055A975 /* PBXContainerItemProxy */ = {
			isa = PBXContainerItemProxy;
			containerPortal = F803205421C536020055A975 /* Project object */;
			proxyType = 1;
			remoteGlobalIDString = F803205B21C536020055A975;
			remoteInfo = demoApp;
		};
/* End PBXContainerItemProxy section */

/* Begin PBXFileReference section */
		1D91058B27A82F1A271F862B /* Pods_demoApp.framework */ = {isa = PBXFileReference; explicitFileType = wrapper.framework; includeInIndex = 0; path = Pods_demoApp.framework; sourceTree = BUILT_PRODUCTS_DIR; };
		271FA7AC1F49B006ABA79C64 /* Pods_demoAppUITests.framework */ = {isa = PBXFileReference; explicitFileType = wrapper.framework; includeInIndex = 0; path = Pods_demoAppUITests.framework; sourceTree = BUILT_PRODUCTS_DIR; };
		4ABAE56BC769341607668B80 /* Pods-demoAppTests.debug.xcconfig */ = {isa = PBXFileReference; includeInIndex = 1; lastKnownFileType = text.xcconfig; name = "Pods-demoAppTests.debug.xcconfig"; path = "Pods/Target Support Files/Pods-demoAppTests/Pods-demoAppTests.debug.xcconfig"; sourceTree = "<group>"; };
		4EDB99403E2DA1FF366B7548 /* Pods-demoApp.debug.xcconfig */ = {isa = PBXFileReference; includeInIndex = 1; lastKnownFileType = text.xcconfig; name = "Pods-demoApp.debug.xcconfig"; path = "Pods/Target Support Files/Pods-demoApp/Pods-demoApp.debug.xcconfig"; sourceTree = "<group>"; };
		5A990ECEB49975956BB35E27 /* Pods-demoApp.release.xcconfig */ = {isa = PBXFileReference; includeInIndex = 1; lastKnownFileType = text.xcconfig; name = "Pods-demoApp.release.xcconfig"; path = "Pods/Target Support Files/Pods-demoApp/Pods-demoApp.release.xcconfig"; sourceTree = "<group>"; };
		5C3B0558AD5880FABE8C93EB /* Pods-demoAppUITests.release.xcconfig */ = {isa = PBXFileReference; includeInIndex = 1; lastKnownFileType = text.xcconfig; name = "Pods-demoAppUITests.release.xcconfig"; path = "Pods/Target Support Files/Pods-demoAppUITests/Pods-demoAppUITests.release.xcconfig"; sourceTree = "<group>"; };
		7F044FE1B017A455C5B45C20 /* Pods-demoAppUITests.debug.xcconfig */ = {isa = PBXFileReference; includeInIndex = 1; lastKnownFileType = text.xcconfig; name = "Pods-demoAppUITests.debug.xcconfig"; path = "Pods/Target Support Files/Pods-demoAppUITests/Pods-demoAppUITests.debug.xcconfig"; sourceTree = "<group>"; };
		A0DC106AA287CA78EF1DEE57 /* Pods-demoAppTests.release.xcconfig */ = {isa = PBXFileReference; includeInIndex = 1; lastKnownFileType = text.xcconfig; name = "Pods-demoAppTests.release.xcconfig"; path = "Pods/Target Support Files/Pods-demoAppTests/Pods-demoAppTests.release.xcconfig"; sourceTree = "<group>"; };
		CF887F06CD01EC8628FE1FE7 /* Pods_demoAppTests.framework */ = {isa = PBXFileReference; explicitFileType = wrapper.framework; includeInIndex = 0; path = Pods_demoAppTests.framework; sourceTree = BUILT_PRODUCTS_DIR; };
		F803205C21C536020055A975 /* demoApp.app */ = {isa = PBXFileReference; explicitFileType = wrapper.application; includeInIndex = 0; path = demoApp.app; sourceTree = BUILT_PRODUCTS_DIR; };
		F803205F21C536020055A975 /* AppDelegate.swift */ = {isa = PBXFileReference; lastKnownFileType = sourcecode.swift; path = AppDelegate.swift; sourceTree = "<group>"; };
		F803206121C536020055A975 /* ViewController.swift */ = {isa = PBXFileReference; lastKnownFileType = sourcecode.swift; path = ViewController.swift; sourceTree = "<group>"; };
		F803206421C536020055A975 /* Base */ = {isa = PBXFileReference; lastKnownFileType = file.storyboard; name = Base; path = Base.lproj/Main.storyboard; sourceTree = "<group>"; };
		F803206621C536040055A975 /* Assets.xcassets */ = {isa = PBXFileReference; lastKnownFileType = folder.assetcatalog; path = Assets.xcassets; sourceTree = "<group>"; };
		F803206921C536040055A975 /* Base */ = {isa = PBXFileReference; lastKnownFileType = file.storyboard; name = Base; path = Base.lproj/LaunchScreen.storyboard; sourceTree = "<group>"; };
		F803206B21C536040055A975 /* Info.plist */ = {isa = PBXFileReference; lastKnownFileType = text.plist.xml; path = Info.plist; sourceTree = "<group>"; };
		F803207021C536040055A975 /* demoAppTests.xctest */ = {isa = PBXFileReference; explicitFileType = wrapper.cfbundle; includeInIndex = 0; path = demoAppTests.xctest; sourceTree = BUILT_PRODUCTS_DIR; };
		F803207421C536040055A975 /* demoAppTests.swift */ = {isa = PBXFileReference; lastKnownFileType = sourcecode.swift; path = demoAppTests.swift; sourceTree = "<group>"; };
		F803207621C536040055A975 /* Info.plist */ = {isa = PBXFileReference; lastKnownFileType = text.plist.xml; path = Info.plist; sourceTree = "<group>"; };
		F803207B21C536040055A975 /* demoAppUITests.xctest */ = {isa = PBXFileReference; explicitFileType = wrapper.cfbundle; includeInIndex = 0; path = demoAppUITests.xctest; sourceTree = BUILT_PRODUCTS_DIR; };
		F803207F21C536040055A975 /* demoAppUITests.swift */ = {isa = PBXFileReference; lastKnownFileType = sourcecode.swift; path = demoAppUITests.swift; sourceTree = "<group>"; };
		F803208121C536040055A975 /* Info.plist */ = {isa = PBXFileReference; lastKnownFileType = text.plist.xml; path = Info.plist; sourceTree = "<group>"; };
		F803209321C6739C0055A975 /* Service.swift */ = {isa = PBXFileReference; lastKnownFileType = sourcecode.swift; path = Service.swift; sourceTree = "<group>"; };
		F803209521C674700055A975 /* Post.swift */ = {isa = PBXFileReference; lastKnownFileType = sourcecode.swift; path = Post.swift; sourceTree = "<group>"; };
		F803209B21C6753F0055A975 /* UserPostViewController.swift */ = {isa = PBXFileReference; lastKnownFileType = sourcecode.swift; path = UserPostViewController.swift; sourceTree = "<group>"; };
		F803209F21C6795A0055A975 /* UserCell.swift */ = {isa = PBXFileReference; lastKnownFileType = sourcecode.swift; path = UserCell.swift; sourceTree = "<group>"; };
		F80320A021C6795A0055A975 /* UserCell.xib */ = {isa = PBXFileReference; lastKnownFileType = file.xib; path = UserCell.xib; sourceTree = "<group>"; };
		F80320A321C67DA20055A975 /* UserDetailViewController.swift */ = {isa = PBXFileReference; lastKnownFileType = sourcecode.swift; path = UserDetailViewController.swift; sourceTree = "<group>"; };
		F80320A521C67E920055A975 /* UserDetailCell.swift */ = {isa = PBXFileReference; lastKnownFileType = sourcecode.swift; path = UserDetailCell.swift; sourceTree = "<group>"; };
		F80320A621C67E920055A975 /* UserDetailCell.xib */ = {isa = PBXFileReference; lastKnownFileType = file.xib; path = UserDetailCell.xib; sourceTree = "<group>"; };
		F80320A921C681500055A975 /* FlickerCollectionViewController.swift */ = {isa = PBXFileReference; lastKnownFileType = sourcecode.swift; path = FlickerCollectionViewController.swift; sourceTree = "<group>"; };
		F80320AD21C683FA0055A975 /* FlickrCollectionViewCell.swift */ = {isa = PBXFileReference; lastKnownFileType = sourcecode.swift; path = FlickrCollectionViewCell.swift; sourceTree = "<group>"; };
		F80320AE21C683FA0055A975 /* FlickrCollectionViewCell.xib */ = {isa = PBXFileReference; lastKnownFileType = file.xib; path = FlickrCollectionViewCell.xib; sourceTree = "<group>"; };
		F80320B121C685E40055A975 /* FlickerDetailViewController.swift */ = {isa = PBXFileReference; lastKnownFileType = sourcecode.swift; path = FlickerDetailViewController.swift; sourceTree = "<group>"; };
		F80320B521C687A20055A975 /* TechnologiesUsedViewController.swift */ = {isa = PBXFileReference; lastKnownFileType = sourcecode.swift; path = TechnologiesUsedViewController.swift; sourceTree = "<group>"; };
		F80320B721C6880C0055A975 /* TechCellTableViewCell.swift */ = {isa = PBXFileReference; lastKnownFileType = sourcecode.swift; path = TechCellTableViewCell.swift; sourceTree = "<group>"; };
		F80320B821C6880C0055A975 /* TechCellTableViewCell.xib */ = {isa = PBXFileReference; lastKnownFileType = file.xib; path = TechCellTableViewCell.xib; sourceTree = "<group>"; };
		F80320BB21C6EC660055A975 /* User.swift */ = {isa = PBXFileReference; lastKnownFileType = sourcecode.swift; path = User.swift; sourceTree = "<group>"; };
		F80320BD21C6F36A0055A975 /* FlickrPhoto.swift */ = {isa = PBXFileReference; lastKnownFileType = sourcecode.swift; path = FlickrPhoto.swift; sourceTree = "<group>"; };
		F80320BF21C7BBA20055A975 /* PostsViewModel.swift */ = {isa = PBXFileReference; lastKnownFileType = sourcecode.swift; path = PostsViewModel.swift; sourceTree = "<group>"; };
		F80320C121C7CC9D0055A975 /* FlickrPhotoViewModel.swift */ = {isa = PBXFileReference; lastKnownFileType = sourcecode.swift; path = FlickrPhotoViewModel.swift; sourceTree = "<group>"; };
/* End PBXFileReference section */

/* Begin PBXFrameworksBuildPhase section */
		F803205921C536020055A975 /* Frameworks */ = {
			isa = PBXFrameworksBuildPhase;
			buildActionMask = 2147483647;
			files = (
				D28077E732B41C2E915816DB /* Pods_demoApp.framework in Frameworks */,
			);
			runOnlyForDeploymentPostprocessing = 0;
		};
		F803206D21C536040055A975 /* Frameworks */ = {
			isa = PBXFrameworksBuildPhase;
			buildActionMask = 2147483647;
			files = (
				4844E1FB35CAC4B02E1C26DE /* Pods_demoAppTests.framework in Frameworks */,
			);
			runOnlyForDeploymentPostprocessing = 0;
		};
		F803207821C536040055A975 /* Frameworks */ = {
			isa = PBXFrameworksBuildPhase;
			buildActionMask = 2147483647;
			files = (
				2441A158E922C46A674C914E /* Pods_demoAppUITests.framework in Frameworks */,
			);
			runOnlyForDeploymentPostprocessing = 0;
		};
/* End PBXFrameworksBuildPhase section */

/* Begin PBXGroup section */
		3D09BCFB27D6348A7EC5DD1B /* Frameworks */ = {
			isa = PBXGroup;
			children = (
				1D91058B27A82F1A271F862B /* Pods_demoApp.framework */,
				CF887F06CD01EC8628FE1FE7 /* Pods_demoAppTests.framework */,
				271FA7AC1F49B006ABA79C64 /* Pods_demoAppUITests.framework */,
			);
			name = Frameworks;
			sourceTree = "<group>";
		};
		F64AC4DFAEC3B3642BF25F57 /* Pods */ = {
			isa = PBXGroup;
			children = (
				4EDB99403E2DA1FF366B7548 /* Pods-demoApp.debug.xcconfig */,
				5A990ECEB49975956BB35E27 /* Pods-demoApp.release.xcconfig */,
				4ABAE56BC769341607668B80 /* Pods-demoAppTests.debug.xcconfig */,
				A0DC106AA287CA78EF1DEE57 /* Pods-demoAppTests.release.xcconfig */,
				7F044FE1B017A455C5B45C20 /* Pods-demoAppUITests.debug.xcconfig */,
				5C3B0558AD5880FABE8C93EB /* Pods-demoAppUITests.release.xcconfig */,
			);
			name = Pods;
			sourceTree = "<group>";
		};
		F803205321C536020055A975 = {
			isa = PBXGroup;
			children = (
				F803205E21C536020055A975 /* demoApp */,
				F803207321C536040055A975 /* demoAppTests */,
				F803207E21C536040055A975 /* demoAppUITests */,
				F803205D21C536020055A975 /* Products */,
				F64AC4DFAEC3B3642BF25F57 /* Pods */,
				3D09BCFB27D6348A7EC5DD1B /* Frameworks */,
			);
			sourceTree = "<group>";
		};
		F803205D21C536020055A975 /* Products */ = {
			isa = PBXGroup;
			children = (
				F803205C21C536020055A975 /* demoApp.app */,
				F803207021C536040055A975 /* demoAppTests.xctest */,
				F803207B21C536040055A975 /* demoAppUITests.xctest */,
			);
			name = Products;
			sourceTree = "<group>";
		};
		F803205E21C536020055A975 /* demoApp */ = {
			isa = PBXGroup;
			children = (
				F803209221C673610055A975 /* Service */,
				F803209121C6735B0055A975 /* Controller */,
				F803209021C673550055A975 /* View */,
				F803208F21C6733F0055A975 /* Model */,
				F803208D21C673210055A975 /* ViewModel */,
				F803205F21C536020055A975 /* AppDelegate.swift */,
				F803206121C536020055A975 /* ViewController.swift */,
				F803206321C536020055A975 /* Main.storyboard */,
				F803206621C536040055A975 /* Assets.xcassets */,
				F803206821C536040055A975 /* LaunchScreen.storyboard */,
				F803206B21C536040055A975 /* Info.plist */,
			);
			path = demoApp;
			sourceTree = "<group>";
		};
		F803207321C536040055A975 /* demoAppTests */ = {
			isa = PBXGroup;
			children = (
				F803207421C536040055A975 /* demoAppTests.swift */,
				F803207621C536040055A975 /* Info.plist */,
			);
			path = demoAppTests;
			sourceTree = "<group>";
		};
		F803207E21C536040055A975 /* demoAppUITests */ = {
			isa = PBXGroup;
			children = (
				F803207F21C536040055A975 /* demoAppUITests.swift */,
				F803208121C536040055A975 /* Info.plist */,
			);
			path = demoAppUITests;
			sourceTree = "<group>";
		};
		F803208D21C673210055A975 /* ViewModel */ = {
			isa = PBXGroup;
			children = (
				F80320BF21C7BBA20055A975 /* PostsViewModel.swift */,
				F80320C121C7CC9D0055A975 /* FlickrPhotoViewModel.swift */,
			);
			path = ViewModel;
			sourceTree = "<group>";
		};
		F803208F21C6733F0055A975 /* Model */ = {
			isa = PBXGroup;
			children = (
				F803209521C674700055A975 /* Post.swift */,
				F80320BB21C6EC660055A975 /* User.swift */,
				F80320BD21C6F36A0055A975 /* FlickrPhoto.swift */,
			);
			path = Model;
			sourceTree = "<group>";
		};
		F803209021C673550055A975 /* View */ = {
			isa = PBXGroup;
			children = (
				F803209F21C6795A0055A975 /* UserCell.swift */,
				F80320A021C6795A0055A975 /* UserCell.xib */,
				F80320A521C67E920055A975 /* UserDetailCell.swift */,
				F80320A621C67E920055A975 /* UserDetailCell.xib */,
				F80320AD21C683FA0055A975 /* FlickrCollectionViewCell.swift */,
				F80320AE21C683FA0055A975 /* FlickrCollectionViewCell.xib */,
				F80320B721C6880C0055A975 /* TechCellTableViewCell.swift */,
				F80320B821C6880C0055A975 /* TechCellTableViewCell.xib */,
			);
			path = View;
			sourceTree = "<group>";
		};
		F803209121C6735B0055A975 /* Controller */ = {
			isa = PBXGroup;
			children = (
				F803209B21C6753F0055A975 /* UserPostViewController.swift */,
				F80320A321C67DA20055A975 /* UserDetailViewController.swift */,
				F80320A921C681500055A975 /* FlickerCollectionViewController.swift */,
				F80320B121C685E40055A975 /* FlickerDetailViewController.swift */,
				F80320B521C687A20055A975 /* TechnologiesUsedViewController.swift */,
			);
			path = Controller;
			sourceTree = "<group>";
		};
		F803209221C673610055A975 /* Service */ = {
			isa = PBXGroup;
			children = (
				F803209321C6739C0055A975 /* Service.swift */,
			);
			path = Service;
			sourceTree = "<group>";
		};
/* End PBXGroup section */

/* Begin PBXNativeTarget section */
		F803205B21C536020055A975 /* demoApp */ = {
			isa = PBXNativeTarget;
			buildConfigurationList = F803208421C536040055A975 /* Build configuration list for PBXNativeTarget "demoApp" */;
			buildPhases = (
				D00B4A63729604A76AAB5FE4 /* [CP] Check Pods Manifest.lock */,
				F803205821C536020055A975 /* Sources */,
				F803205921C536020055A975 /* Frameworks */,
				F803205A21C536020055A975 /* Resources */,
				82482A6767C438F2902F37B6 /* [CP] Embed Pods Frameworks */,
			);
			buildRules = (
			);
			dependencies = (
			);
			name = demoApp;
			productName = demoApp;
			productReference = F803205C21C536020055A975 /* demoApp.app */;
			productType = "com.apple.product-type.application";
		};
		F803206F21C536040055A975 /* demoAppTests */ = {
			isa = PBXNativeTarget;
			buildConfigurationList = F803208721C536040055A975 /* Build configuration list for PBXNativeTarget "demoAppTests" */;
			buildPhases = (
				F4D8C20C33F8551D0739C397 /* [CP] Check Pods Manifest.lock */,
				F803206C21C536040055A975 /* Sources */,
				F803206D21C536040055A975 /* Frameworks */,
				F803206E21C536040055A975 /* Resources */,
			);
			buildRules = (
			);
			dependencies = (
				F803207221C536040055A975 /* PBXTargetDependency */,
			);
			name = demoAppTests;
			productName = demoAppTests;
			productReference = F803207021C536040055A975 /* demoAppTests.xctest */;
			productType = "com.apple.product-type.bundle.unit-test";
		};
		F803207A21C536040055A975 /* demoAppUITests */ = {
			isa = PBXNativeTarget;
			buildConfigurationList = F803208A21C536040055A975 /* Build configuration list for PBXNativeTarget "demoAppUITests" */;
			buildPhases = (
				FEC09ED2F20AE2C8AC5E7B93 /* [CP] Check Pods Manifest.lock */,
				F803207721C536040055A975 /* Sources */,
				F803207821C536040055A975 /* Frameworks */,
				F803207921C536040055A975 /* Resources */,
			);
			buildRules = (
			);
			dependencies = (
				F803207D21C536040055A975 /* PBXTargetDependency */,
			);
			name = demoAppUITests;
			productName = demoAppUITests;
			productReference = F803207B21C536040055A975 /* demoAppUITests.xctest */;
			productType = "com.apple.product-type.bundle.ui-testing";
		};
/* End PBXNativeTarget section */

/* Begin PBXProject section */
		F803205421C536020055A975 /* Project object */ = {
			isa = PBXProject;
			attributes = {
				LastSwiftUpdateCheck = 1000;
				LastUpgradeCheck = 1000;
				ORGANIZATIONNAME = "Adtiya Yadav";
				TargetAttributes = {
					F803205B21C536020055A975 = {
						CreatedOnToolsVersion = 10.0;
					};
					F803206F21C536040055A975 = {
						CreatedOnToolsVersion = 10.0;
						TestTargetID = F803205B21C536020055A975;
					};
					F803207A21C536040055A975 = {
						CreatedOnToolsVersion = 10.0;
						TestTargetID = F803205B21C536020055A975;
					};
				};
			};
			buildConfigurationList = F803205721C536020055A975 /* Build configuration list for PBXProject "demoApp" */;
			compatibilityVersion = "Xcode 9.3";
			developmentRegion = en;
			hasScannedForEncodings = 0;
			knownRegions = (
				en,
				Base,
			);
			mainGroup = F803205321C536020055A975;
			productRefGroup = F803205D21C536020055A975 /* Products */;
			projectDirPath = "";
			projectRoot = "";
			targets = (
				F803205B21C536020055A975 /* demoApp */,
				F803206F21C536040055A975 /* demoAppTests */,
				F803207A21C536040055A975 /* demoAppUITests */,
			);
		};
/* End PBXProject section */

/* Begin PBXResourcesBuildPhase section */
		F803205A21C536020055A975 /* Resources */ = {
			isa = PBXResourcesBuildPhase;
			buildActionMask = 2147483647;
			files = (
				F80320A221C6795A0055A975 /* UserCell.xib in Resources */,
				F803206A21C536040055A975 /* LaunchScreen.storyboard in Resources */,
				F80320BA21C6880C0055A975 /* TechCellTableViewCell.xib in Resources */,
				F803206721C536040055A975 /* Assets.xcassets in Resources */,
				F80320A821C67E920055A975 /* UserDetailCell.xib in Resources */,
				F803206521C536020055A975 /* Main.storyboard in Resources */,
				F80320B021C683FA0055A975 /* FlickrCollectionViewCell.xib in Resources */,
			);
			runOnlyForDeploymentPostprocessing = 0;
		};
		F803206E21C536040055A975 /* Resources */ = {
			isa = PBXResourcesBuildPhase;
			buildActionMask = 2147483647;
			files = (
			);
			runOnlyForDeploymentPostprocessing = 0;
		};
		F803207921C536040055A975 /* Resources */ = {
			isa = PBXResourcesBuildPhase;
			buildActionMask = 2147483647;
			files = (
			);
			runOnlyForDeploymentPostprocessing = 0;
		};
/* End PBXResourcesBuildPhase section */

/* Begin PBXShellScriptBuildPhase section */
		82482A6767C438F2902F37B6 /* [CP] Embed Pods Frameworks */ = {
			isa = PBXShellScriptBuildPhase;
			buildActionMask = 2147483647;
			files = (
			);
			inputFileListPaths = (
			);
			inputPaths = (
				"${SRCROOT}/Pods/Target Support Files/Pods-demoApp/Pods-demoApp-frameworks.sh",
				"${BUILT_PRODUCTS_DIR}/Alamofire/Alamofire.framework",
				"${BUILT_PRODUCTS_DIR}/Moya/Moya.framework",
				"${BUILT_PRODUCTS_DIR}/Result/Result.framework",
				"${BUILT_PRODUCTS_DIR}/SDWebImage/SDWebImage.framework",
			);
			name = "[CP] Embed Pods Frameworks";
			outputFileListPaths = (
			);
			outputPaths = (
				"${TARGET_BUILD_DIR}/${FRAMEWORKS_FOLDER_PATH}/Alamofire.framework",
				"${TARGET_BUILD_DIR}/${FRAMEWORKS_FOLDER_PATH}/Moya.framework",
				"${TARGET_BUILD_DIR}/${FRAMEWORKS_FOLDER_PATH}/Result.framework",
				"${TARGET_BUILD_DIR}/${FRAMEWORKS_FOLDER_PATH}/SDWebImage.framework",
			);
			runOnlyForDeploymentPostprocessing = 0;
			shellPath = /bin/sh;
			shellScript = "\"${SRCROOT}/Pods/Target Support Files/Pods-demoApp/Pods-demoApp-frameworks.sh\"\n";
			showEnvVarsInLog = 0;
		};
		D00B4A63729604A76AAB5FE4 /* [CP] Check Pods Manifest.lock */ = {
			isa = PBXShellScriptBuildPhase;
			buildActionMask = 2147483647;
			files = (
			);
			inputFileListPaths = (
			);
			inputPaths = (
				"${PODS_PODFILE_DIR_PATH}/Podfile.lock",
				"${PODS_ROOT}/Manifest.lock",
			);
			name = "[CP] Check Pods Manifest.lock";
			outputFileListPaths = (
			);
			outputPaths = (
				"$(DERIVED_FILE_DIR)/Pods-demoApp-checkManifestLockResult.txt",
			);
			runOnlyForDeploymentPostprocessing = 0;
			shellPath = /bin/sh;
			shellScript = "diff \"${PODS_PODFILE_DIR_PATH}/Podfile.lock\" \"${PODS_ROOT}/Manifest.lock\" > /dev/null\nif [ $? != 0 ] ; then\n    # print error to STDERR\n    echo \"error: The sandbox is not in sync with the Podfile.lock. Run 'pod install' or update your CocoaPods installation.\" >&2\n    exit 1\nfi\n# This output is used by Xcode 'outputs' to avoid re-running this script phase.\necho \"SUCCESS\" > \"${SCRIPT_OUTPUT_FILE_0}\"\n";
			showEnvVarsInLog = 0;
		};
		F4D8C20C33F8551D0739C397 /* [CP] Check Pods Manifest.lock */ = {
			isa = PBXShellScriptBuildPhase;
			buildActionMask = 2147483647;
			files = (
			);
			inputFileListPaths = (
			);
			inputPaths = (
				"${PODS_PODFILE_DIR_PATH}/Podfile.lock",
				"${PODS_ROOT}/Manifest.lock",
			);
			name = "[CP] Check Pods Manifest.lock";
			outputFileListPaths = (
			);
			outputPaths = (
				"$(DERIVED_FILE_DIR)/Pods-demoAppTests-checkManifestLockResult.txt",
			);
			runOnlyForDeploymentPostprocessing = 0;
			shellPath = /bin/sh;
			shellScript = "diff \"${PODS_PODFILE_DIR_PATH}/Podfile.lock\" \"${PODS_ROOT}/Manifest.lock\" > /dev/null\nif [ $? != 0 ] ; then\n    # print error to STDERR\n    echo \"error: The sandbox is not in sync with the Podfile.lock. Run 'pod install' or update your CocoaPods installation.\" >&2\n    exit 1\nfi\n# This output is used by Xcode 'outputs' to avoid re-running this script phase.\necho \"SUCCESS\" > \"${SCRIPT_OUTPUT_FILE_0}\"\n";
			showEnvVarsInLog = 0;
		};
		FEC09ED2F20AE2C8AC5E7B93 /* [CP] Check Pods Manifest.lock */ = {
			isa = PBXShellScriptBuildPhase;
			buildActionMask = 2147483647;
			files = (
			);
			inputFileListPaths = (
			);
			inputPaths = (
				"${PODS_PODFILE_DIR_PATH}/Podfile.lock",
				"${PODS_ROOT}/Manifest.lock",
			);
			name = "[CP] Check Pods Manifest.lock";
			outputFileListPaths = (
			);
			outputPaths = (
				"$(DERIVED_FILE_DIR)/Pods-demoAppUITests-checkManifestLockResult.txt",
			);
			runOnlyForDeploymentPostprocessing = 0;
			shellPath = /bin/sh;
			shellScript = "diff \"${PODS_PODFILE_DIR_PATH}/Podfile.lock\" \"${PODS_ROOT}/Manifest.lock\" > /dev/null\nif [ $? != 0 ] ; then\n    # print error to STDERR\n    echo \"error: The sandbox is not in sync with the Podfile.lock. Run 'pod install' or update your CocoaPods installation.\" >&2\n    exit 1\nfi\n# This output is used by Xcode 'outputs' to avoid re-running this script phase.\necho \"SUCCESS\" > \"${SCRIPT_OUTPUT_FILE_0}\"\n";
			showEnvVarsInLog = 0;
		};
/* End PBXShellScriptBuildPhase section */

/* Begin PBXSourcesBuildPhase section */
		F803205821C536020055A975 /* Sources */ = {
			isa = PBXSourcesBuildPhase;
			buildActionMask = 2147483647;
			files = (
				F80320C021C7BBA20055A975 /* PostsViewModel.swift in Sources */,
				F803209621C674700055A975 /* Post.swift in Sources */,
				F80320BE21C6F36A0055A975 /* FlickrPhoto.swift in Sources */,
				F803206221C536020055A975 /* ViewController.swift in Sources */,
				F80320A421C67DA20055A975 /* UserDetailViewController.swift in Sources */,
				F80320AB21C681500055A975 /* FlickerCollectionViewController.swift in Sources */,
				F803209C21C6753F0055A975 /* UserPostViewController.swift in Sources */,
				F80320B921C6880C0055A975 /* TechCellTableViewCell.swift in Sources */,
				F80320C221C7CC9D0055A975 /* FlickrPhotoViewModel.swift in Sources */,
				F803206021C536020055A975 /* AppDelegate.swift in Sources */,
				F80320BC21C6EC660055A975 /* User.swift in Sources */,
				F803209421C6739C0055A975 /* Service.swift in Sources */,
				F80320A721C67E920055A975 /* UserDetailCell.swift in Sources */,
				F80320A121C6795A0055A975 /* UserCell.swift in Sources */,
				F80320B621C687A20055A975 /* TechnologiesUsedViewController.swift in Sources */,
				F80320B321C685E40055A975 /* FlickerDetailViewController.swift in Sources */,
				F80320AF21C683FA0055A975 /* FlickrCollectionViewCell.swift in Sources */,
			);
			runOnlyForDeploymentPostprocessing = 0;
		};
		F803206C21C536040055A975 /* Sources */ = {
			isa = PBXSourcesBuildPhase;
			buildActionMask = 2147483647;
			files = (
				F803207521C536040055A975 /* demoAppTests.swift in Sources */,
			);
			runOnlyForDeploymentPostprocessing = 0;
		};
		F803207721C536040055A975 /* Sources */ = {
			isa = PBXSourcesBuildPhase;
			buildActionMask = 2147483647;
			files = (
				F803208021C536040055A975 /* demoAppUITests.swift in Sources */,
			);
			runOnlyForDeploymentPostprocessing = 0;
		};
/* End PBXSourcesBuildPhase section */

/* Begin PBXTargetDependency section */
		F803207221C536040055A975 /* PBXTargetDependency */ = {
			isa = PBXTargetDependency;
			target = F803205B21C536020055A975 /* demoApp */;
			targetProxy = F803207121C536040055A975 /* PBXContainerItemProxy */;
		};
		F803207D21C536040055A975 /* PBXTargetDependency */ = {
			isa = PBXTargetDependency;
			target = F803205B21C536020055A975 /* demoApp */;
			targetProxy = F803207C21C536040055A975 /* PBXContainerItemProxy */;
		};
/* End PBXTargetDependency section */

/* Begin PBXVariantGroup section */
		F803206321C536020055A975 /* Main.storyboard */ = {
			isa = PBXVariantGroup;
			children = (
				F803206421C536020055A975 /* Base */,
			);
			name = Main.storyboard;
			sourceTree = "<group>";
		};
		F803206821C536040055A975 /* LaunchScreen.storyboard */ = {
			isa = PBXVariantGroup;
			children = (
				F803206921C536040055A975 /* Base */,
			);
			name = LaunchScreen.storyboard;
			sourceTree = "<group>";
		};
/* End PBXVariantGroup section */

/* Begin XCBuildConfiguration section */
		F803208221C536040055A975 /* Debug */ = {
			isa = XCBuildConfiguration;
			buildSettings = {
				ALWAYS_SEARCH_USER_PATHS = NO;
				CLANG_ANALYZER_NONNULL = YES;
				CLANG_ANALYZER_NUMBER_OBJECT_CONVERSION = YES_AGGRESSIVE;
				CLANG_CXX_LANGUAGE_STANDARD = "gnu++14";
				CLANG_CXX_LIBRARY = "libc++";
				CLANG_ENABLE_MODULES = YES;
				CLANG_ENABLE_OBJC_ARC = YES;
				CLANG_ENABLE_OBJC_WEAK = YES;
				CLANG_WARN_BLOCK_CAPTURE_AUTORELEASING = YES;
				CLANG_WARN_BOOL_CONVERSION = YES;
				CLANG_WARN_COMMA = YES;
				CLANG_WARN_CONSTANT_CONVERSION = YES;
				CLANG_WARN_DEPRECATED_OBJC_IMPLEMENTATIONS = YES;
				CLANG_WARN_DIRECT_OBJC_ISA_USAGE = YES_ERROR;
				CLANG_WARN_DOCUMENTATION_COMMENTS = YES;
				CLANG_WARN_EMPTY_BODY = YES;
				CLANG_WARN_ENUM_CONVERSION = YES;
				CLANG_WARN_INFINITE_RECURSION = YES;
				CLANG_WARN_INT_CONVERSION = YES;
				CLANG_WARN_NON_LITERAL_NULL_CONVERSION = YES;
				CLANG_WARN_OBJC_IMPLICIT_RETAIN_SELF = YES;
				CLANG_WARN_OBJC_LITERAL_CONVERSION = YES;
				CLANG_WARN_OBJC_ROOT_CLASS = YES_ERROR;
				CLANG_WARN_RANGE_LOOP_ANALYSIS = YES;
				CLANG_WARN_STRICT_PROTOTYPES = YES;
				CLANG_WARN_SUSPICIOUS_MOVE = YES;
				CLANG_WARN_UNGUARDED_AVAILABILITY = YES_AGGRESSIVE;
				CLANG_WARN_UNREACHABLE_CODE = YES;
				CLANG_WARN__DUPLICATE_METHOD_MATCH = YES;
				CODE_SIGN_IDENTITY = "iPhone Developer";
				COPY_PHASE_STRIP = NO;
				DEBUG_INFORMATION_FORMAT = dwarf;
				ENABLE_STRICT_OBJC_MSGSEND = YES;
				ENABLE_TESTABILITY = YES;
				GCC_C_LANGUAGE_STANDARD = gnu11;
				GCC_DYNAMIC_NO_PIC = NO;
				GCC_NO_COMMON_BLOCKS = YES;
				GCC_OPTIMIZATION_LEVEL = 0;
				GCC_PREPROCESSOR_DEFINITIONS = (
					"DEBUG=1",
					"$(inherited)",
				);
				GCC_WARN_64_TO_32_BIT_CONVERSION = YES;
				GCC_WARN_ABOUT_RETURN_TYPE = YES_ERROR;
				GCC_WARN_UNDECLARED_SELECTOR = YES;
				GCC_WARN_UNINITIALIZED_AUTOS = YES_AGGRESSIVE;
				GCC_WARN_UNUSED_FUNCTION = YES;
				GCC_WARN_UNUSED_VARIABLE = YES;
				IPHONEOS_DEPLOYMENT_TARGET = 12.0;
				MTL_ENABLE_DEBUG_INFO = INCLUDE_SOURCE;
				MTL_FAST_MATH = YES;
				ONLY_ACTIVE_ARCH = YES;
				SDKROOT = iphoneos;
				SWIFT_ACTIVE_COMPILATION_CONDITIONS = DEBUG;
				SWIFT_OPTIMIZATION_LEVEL = "-Onone";
			};
			name = Debug;
		};
		F803208321C536040055A975 /* Release */ = {
			isa = XCBuildConfiguration;
			buildSettings = {
				ALWAYS_SEARCH_USER_PATHS = NO;
				CLANG_ANALYZER_NONNULL = YES;
				CLANG_ANALYZER_NUMBER_OBJECT_CONVERSION = YES_AGGRESSIVE;
				CLANG_CXX_LANGUAGE_STANDARD = "gnu++14";
				CLANG_CXX_LIBRARY = "libc++";
				CLANG_ENABLE_MODULES = YES;
				CLANG_ENABLE_OBJC_ARC = YES;
				CLANG_ENABLE_OBJC_WEAK = YES;
				CLANG_WARN_BLOCK_CAPTURE_AUTORELEASING = YES;
				CLANG_WARN_BOOL_CONVERSION = YES;
				CLANG_WARN_COMMA = YES;
				CLANG_WARN_CONSTANT_CONVERSION = YES;
				CLANG_WARN_DEPRECATED_OBJC_IMPLEMENTATIONS = YES;
				CLANG_WARN_DIRECT_OBJC_ISA_USAGE = YES_ERROR;
				CLANG_WARN_DOCUMENTATION_COMMENTS = YES;
				CLANG_WARN_EMPTY_BODY = YES;
				CLANG_WARN_ENUM_CONVERSION = YES;
				CLANG_WARN_INFINITE_RECURSION = YES;
				CLANG_WARN_INT_CONVERSION = YES;
				CLANG_WARN_NON_LITERAL_NULL_CONVERSION = YES;
				CLANG_WARN_OBJC_IMPLICIT_RETAIN_SELF = YES;
				CLANG_WARN_OBJC_LITERAL_CONVERSION = YES;
				CLANG_WARN_OBJC_ROOT_CLASS = YES_ERROR;
				CLANG_WARN_RANGE_LOOP_ANALYSIS = YES;
				CLANG_WARN_STRICT_PROTOTYPES = YES;
				CLANG_WARN_SUSPICIOUS_MOVE = YES;
				CLANG_WARN_UNGUARDED_AVAILABILITY = YES_AGGRESSIVE;
				CLANG_WARN_UNREACHABLE_CODE = YES;
				CLANG_WARN__DUPLICATE_METHOD_MATCH = YES;
				CODE_SIGN_IDENTITY = "iPhone Developer";
				COPY_PHASE_STRIP = NO;
				DEBUG_INFORMATION_FORMAT = "dwarf-with-dsym";
				ENABLE_NS_ASSERTIONS = NO;
				ENABLE_STRICT_OBJC_MSGSEND = YES;
				GCC_C_LANGUAGE_STANDARD = gnu11;
				GCC_NO_COMMON_BLOCKS = YES;
				GCC_WARN_64_TO_32_BIT_CONVERSION = YES;
				GCC_WARN_ABOUT_RETURN_TYPE = YES_ERROR;
				GCC_WARN_UNDECLARED_SELECTOR = YES;
				GCC_WARN_UNINITIALIZED_AUTOS = YES_AGGRESSIVE;
				GCC_WARN_UNUSED_FUNCTION = YES;
				GCC_WARN_UNUSED_VARIABLE = YES;
				IPHONEOS_DEPLOYMENT_TARGET = 12.0;
				MTL_ENABLE_DEBUG_INFO = NO;
				MTL_FAST_MATH = YES;
				SDKROOT = iphoneos;
				SWIFT_COMPILATION_MODE = wholemodule;
				SWIFT_OPTIMIZATION_LEVEL = "-O";
				VALIDATE_PRODUCT = YES;
			};
			name = Release;
		};
		F803208521C536040055A975 /* Debug */ = {
			isa = XCBuildConfiguration;
			baseConfigurationReference = 4EDB99403E2DA1FF366B7548 /* Pods-demoApp.debug.xcconfig */;
			buildSettings = {
				ASSETCATALOG_COMPILER_APPICON_NAME = AppIcon;
				CODE_SIGN_STYLE = Automatic;
				DEVELOPMENT_TEAM = 7DF86Z9H84;
				INFOPLIST_FILE = demoApp/Info.plist;
				LD_RUNPATH_SEARCH_PATHS = (
					"$(inherited)",
					"@executable_path/Frameworks",
				);
				PRODUCT_BUNDLE_IDENTIFIER = com.mvvm.demoApp;
				PRODUCT_NAME = "$(TARGET_NAME)";
				SWIFT_VERSION = 4.2;
				TARGETED_DEVICE_FAMILY = "1,2";
			};
			name = Debug;
		};
		F803208621C536040055A975 /* Release */ = {
			isa = XCBuildConfiguration;
			baseConfigurationReference = 5A990ECEB49975956BB35E27 /* Pods-demoApp.release.xcconfig */;
			buildSettings = {
				ASSETCATALOG_COMPILER_APPICON_NAME = AppIcon;
				CODE_SIGN_STYLE = Automatic;
				DEVELOPMENT_TEAM = 7DF86Z9H84;
				INFOPLIST_FILE = demoApp/Info.plist;
				LD_RUNPATH_SEARCH_PATHS = (
					"$(inherited)",
					"@executable_path/Frameworks",
				);
				PRODUCT_BUNDLE_IDENTIFIER = com.mvvm.demoApp;
				PRODUCT_NAME = "$(TARGET_NAME)";
				SWIFT_VERSION = 4.2;
				TARGETED_DEVICE_FAMILY = "1,2";
			};
			name = Release;
		};
		F803208821C536040055A975 /* Debug */ = {
			isa = XCBuildConfiguration;
			baseConfigurationReference = 4ABAE56BC769341607668B80 /* Pods-demoAppTests.debug.xcconfig */;
			buildSettings = {
				ALWAYS_EMBED_SWIFT_STANDARD_LIBRARIES = YES;
				BUNDLE_LOADER = "$(TEST_HOST)";
				CODE_SIGN_STYLE = Automatic;
				DEVELOPMENT_TEAM = 7DF86Z9H84;
				INFOPLIST_FILE = demoAppTests/Info.plist;
				LD_RUNPATH_SEARCH_PATHS = (
					"$(inherited)",
					"@executable_path/Frameworks",
					"@loader_path/Frameworks",
				);
				PRODUCT_BUNDLE_IDENTIFIER = com.mvvm.demoAppTests;
				PRODUCT_NAME = "$(TARGET_NAME)";
				SWIFT_VERSION = 4.2;
				TARGETED_DEVICE_FAMILY = "1,2";
				TEST_HOST = "$(BUILT_PRODUCTS_DIR)/demoApp.app/demoApp";
			};
			name = Debug;
		};
		F803208921C536040055A975 /* Release */ = {
			isa = XCBuildConfiguration;
			baseConfigurationReference = A0DC106AA287CA78EF1DEE57 /* Pods-demoAppTests.release.xcconfig */;
			buildSettings = {
				ALWAYS_EMBED_SWIFT_STANDARD_LIBRARIES = YES;
				BUNDLE_LOADER = "$(TEST_HOST)";
				CODE_SIGN_STYLE = Automatic;
				DEVELOPMENT_TEAM = 7DF86Z9H84;
				INFOPLIST_FILE = demoAppTests/Info.plist;
				LD_RUNPATH_SEARCH_PATHS = (
					"$(inherited)",
					"@executable_path/Frameworks",
					"@loader_path/Frameworks",
				);
				PRODUCT_BUNDLE_IDENTIFIER = com.mvvm.demoAppTests;
				PRODUCT_NAME = "$(TARGET_NAME)";
				SWIFT_VERSION = 4.2;
				TARGETED_DEVICE_FAMILY = "1,2";
				TEST_HOST = "$(BUILT_PRODUCTS_DIR)/demoApp.app/demoApp";
			};
			name = Release;
		};
		F803208B21C536040055A975 /* Debug */ = {
			isa = XCBuildConfiguration;
			baseConfigurationReference = 7F044FE1B017A455C5B45C20 /* Pods-demoAppUITests.debug.xcconfig */;
			buildSettings = {
				ALWAYS_EMBED_SWIFT_STANDARD_LIBRARIES = YES;
				CODE_SIGN_STYLE = Automatic;
				DEVELOPMENT_TEAM = 7DF86Z9H84;
				INFOPLIST_FILE = demoAppUITests/Info.plist;
				LD_RUNPATH_SEARCH_PATHS = (
					"$(inherited)",
					"@executable_path/Frameworks",
					"@loader_path/Frameworks",
				);
				PRODUCT_BUNDLE_IDENTIFIER = com.mvvm.demoAppUITests;
				PRODUCT_NAME = "$(TARGET_NAME)";
				SWIFT_VERSION = 4.2;
				TARGETED_DEVICE_FAMILY = "1,2";
				TEST_TARGET_NAME = demoApp;
			};
			name = Debug;
		};
		F803208C21C536040055A975 /* Release */ = {
			isa = XCBuildConfiguration;
			baseConfigurationReference = 5C3B0558AD5880FABE8C93EB /* Pods-demoAppUITests.release.xcconfig */;
			buildSettings = {
				ALWAYS_EMBED_SWIFT_STANDARD_LIBRARIES = YES;
				CODE_SIGN_STYLE = Automatic;
				DEVELOPMENT_TEAM = 7DF86Z9H84;
				INFOPLIST_FILE = demoAppUITests/Info.plist;
				LD_RUNPATH_SEARCH_PATHS = (
					"$(inherited)",
					"@executable_path/Frameworks",
					"@loader_path/Frameworks",
				);
				PRODUCT_BUNDLE_IDENTIFIER = com.mvvm.demoAppUITests;
				PRODUCT_NAME = "$(TARGET_NAME)";
				SWIFT_VERSION = 4.2;
				TARGETED_DEVICE_FAMILY = "1,2";
				TEST_TARGET_NAME = demoApp;
			};
			name = Release;
		};
/* End XCBuildConfiguration section */

/* Begin XCConfigurationList section */
		F803205721C536020055A975 /* Build configuration list for PBXProject "demoApp" */ = {
			isa = XCConfigurationList;
			buildConfigurations = (
				F803208221C536040055A975 /* Debug */,
				F803208321C536040055A975 /* Release */,
			);
			defaultConfigurationIsVisible = 0;
			defaultConfigurationName = Release;
		};
		F803208421C536040055A975 /* Build configuration list for PBXNativeTarget "demoApp" */ = {
			isa = XCConfigurationList;
			buildConfigurations = (
				F803208521C536040055A975 /* Debug */,
				F803208621C536040055A975 /* Release */,
			);
			defaultConfigurationIsVisible = 0;
			defaultConfigurationName = Release;
		};
		F803208721C536040055A975 /* Build configuration list for PBXNativeTarget "demoAppTests" */ = {
			isa = XCConfigurationList;
			buildConfigurations = (
				F803208821C536040055A975 /* Debug */,
				F803208921C536040055A975 /* Release */,
			);
			defaultConfigurationIsVisible = 0;
			defaultConfigurationName = Release;
		};
		F803208A21C536040055A975 /* Build configuration list for PBXNativeTarget "demoAppUITests" */ = {
			isa = XCConfigurationList;
			buildConfigurations = (
				F803208B21C536040055A975 /* Debug */,
				F803208C21C536040055A975 /* Release */,
			);
			defaultConfigurationIsVisible = 0;
			defaultConfigurationName = Release;
		};
/* End XCConfigurationList section */
	};
	rootObject = F803205421C536020055A975 /* Project object */;
}
